
Microsoft Visual Studio Solution File, Format Version 12.00
# Visual Studio Version 16
VisualStudioVersion = 16.0.29613.14
MinimumVisualStudioVersion = 10.0.40219.1
Project("{9A19103F-16F7-4668-BE54-9A1E7A4F7556}") = "uhttpsharp", "uhttpsharp\uhttpsharp.csproj", "{3D681959-4DA3-4A71-A68B-704D6411D5EA}"
EndProject
Project("{2150E333-8FDC-42A3-9474-1A3956D46DE8}") = "Solution Items", "Solution Items", "{EA15AFF9-2029-4D23-8F0C-FD0476394B0B}"
	ProjectSection(SolutionItems) = preProject
		README.md = README.md
		uhttpsharp.dll.nuspec = uhttpsharp.dll.nuspec
	EndProjectSection
EndProject
Project("{2150E333-8FDC-42A3-9474-1A3956D46DE8}") = ".nuget", ".nuget", "{EEE3A8EB-CBA2-4590-B856-F6EF95FD6113}"
	ProjectSection(SolutionItems) = preProject
		.nuget\NuGet.Config = .nuget\NuGet.Config
		.nuget\NuGet.exe = .nuget\NuGet.exe
		.nuget\NuGet.targets = .nuget\NuGet.targets
	EndProjectSection
EndProject
Global
	GlobalSection(SolutionConfigurationPlatforms) = preSolution
		Debug|Any CPU = Debug|Any CPU
		Debug|Mixed Platforms = Debug|Mixed Platforms
		Debug|x86 = Debug|x86
		Release|Any CPU = Release|Any CPU
		Release|Mixed Platforms = Release|Mixed Platforms
		Release|x86 = Release|x86
	EndGlobalSection
	GlobalSection(ProjectConfigurationPlatforms) = postSolution
		{3D681959-4DA3-4A71-A68B-704D6411D5EA}.Debug|Any CPU.ActiveCfg = Debug|Any CPU
		{3D681959-4DA3-4A71-A68B-704D6411D5EA}.Debug|Any CPU.Build.0 = Debug|Any CPU
		{3D681959-4DA3-4A71-A68B-704D6411D5EA}.Debug|Mixed Platforms.ActiveCfg = Debug|Any CPU
		{3D681959-4DA3-4A71-A68B-704D6411D5EA}.Debug|Mixed Platforms.Build.0 = Debug|Any CPU
		{3D681959-4DA3-4A71-A68B-704D6411D5EA}.Debug|x86.ActiveCfg = Debug|Any CPU
		{3D681959-4DA3-4A71-A68B-704D6411D5EA}.Release|Any CPU.ActiveCfg = Release|Any CPU
		{3D681959-4DA3-4A71-A68B-704D6411D5EA}.Release|Any CPU.Build.0 = Release|Any CPU
		{3D681959-4DA3-4A71-A68B-704D6411D5EA}.Release|Mixed Platforms.ActiveCfg = Release|Any CPU
		{3D681959-4DA3-4A71-A68B-704D6411D5EA}.Release|Mixed Platforms.Build.0 = Release|Any CPU
		{3D681959-4DA3-4A71-A68B-704D6411D5EA}.Release|x86.ActiveCfg = Release|Any CPU
	EndGlobalSection
	GlobalSection(SolutionProperties) = preSolution
		HideSolutionNode = FALSE
	EndGlobalSection
	GlobalSection(ExtensibilityGlobals) = postSolution
		SolutionGuid = {025A60D3-6E53-4D37-8726-869F38608799}
	EndGlobalSection
	GlobalSection(MonoDevelopProperties) = preSolution
		StartupItem = uhttpsharp-demo\uhttpsharp.Demo.csproj
	EndGlobalSection
EndGlobal
